
Microsoft Visual Studio Solution File, Format Version 12.00
# Visual Studio Version 17
VisualStudioVersion = 17.5.33516.290
MinimumVisualStudioVersion = 10.0.40219.1
Project("{9A19103F-16F7-4668-BE54-9A1E7A4F7556}") = "BancoAPI", "BancoAPI\BancoAPI.csproj", "{CFBC51BC-B5CD-4E8A-B58B-E6504CFC5B99}"
	ProjectSection(ProjectDependencies) = postProject
		{3F936C7B-5704-4C97-9166-A2977ECF0915} = {3F936C7B-5704-4C97-9166-A2977ECF0915}
	EndProjectSection
EndProject
Project("{9A19103F-16F7-4668-BE54-9A1E7A4F7556}") = "BancoAPI.Data", "BancoAPI.Data\BancoAPI.Data.csproj", "{3F936C7B-5704-4C97-9166-A2977ECF0915}"
EndProject
Project("{9A19103F-16F7-4668-BE54-9A1E7A4F7556}") = "BancoAPI.Business", "BancoAPI.Business\BancoAPI.Business.csproj", "{DD20D369-1D4D-4D72-A1FA-4DED1FF0E556}"
EndProject
Project("{FAE04EC0-301F-11D3-BF4B-00C04F79EFBC}") = "BancoMVC.Web", "BancoMVC.Web\BancoMVC.Web.csproj", "{BA1F44AC-716D-4FE7-9F67-8D2717914D27}"
EndProject
Global
	GlobalSection(SolutionConfigurationPlatforms) = preSolution
		Debug|Any CPU = Debug|Any CPU
		Release|Any CPU = Release|Any CPU
	EndGlobalSection
	GlobalSection(ProjectConfigurationPlatforms) = postSolution
		{CFBC51BC-B5CD-4E8A-B58B-E6504CFC5B99}.Debug|Any CPU.ActiveCfg = Debug|Any CPU
		{CFBC51BC-B5CD-4E8A-B58B-E6504CFC5B99}.Debug|Any CPU.Build.0 = Debug|Any CPU
		{CFBC51BC-B5CD-4E8A-B58B-E6504CFC5B99}.Release|Any CPU.ActiveCfg = Release|Any CPU
		{CFBC51BC-B5CD-4E8A-B58B-E6504CFC5B99}.Release|Any CPU.Build.0 = Release|Any CPU
		{3F936C7B-5704-4C97-9166-A2977ECF0915}.Debug|Any CPU.ActiveCfg = Debug|Any CPU
		{3F936C7B-5704-4C97-9166-A2977ECF0915}.Debug|Any CPU.Build.0 = Debug|Any CPU
		{3F936C7B-5704-4C97-9166-A2977ECF0915}.Release|Any CPU.ActiveCfg = Release|Any CPU
		{3F936C7B-5704-4C97-9166-A2977ECF0915}.Release|Any CPU.Build.0 = Release|Any CPU
		{DD20D369-1D4D-4D72-A1FA-4DED1FF0E556}.Debug|Any CPU.ActiveCfg = Debug|Any CPU
		{DD20D369-1D4D-4D72-A1FA-4DED1FF0E556}.Debug|Any CPU.Build.0 = Debug|Any CPU
		{DD20D369-1D4D-4D72-A1FA-4DED1FF0E556}.Release|Any CPU.ActiveCfg = Release|Any CPU
		{DD20D369-1D4D-4D72-A1FA-4DED1FF0E556}.Release|Any CPU.Build.0 = Release|Any CPU
		{BA1F44AC-716D-4FE7-9F67-8D2717914D27}.Debug|Any CPU.ActiveCfg = Debug|Any CPU
		{BA1F44AC-716D-4FE7-9F67-8D2717914D27}.Debug|Any CPU.Build.0 = Debug|Any CPU
		{BA1F44AC-716D-4FE7-9F67-8D2717914D27}.Release|Any CPU.ActiveCfg = Release|Any CPU
		{BA1F44AC-716D-4FE7-9F67-8D2717914D27}.Release|Any CPU.Build.0 = Release|Any CPU
	EndGlobalSection
	GlobalSection(SolutionProperties) = preSolution
		HideSolutionNode = FALSE
	EndGlobalSection
	GlobalSection(ExtensibilityGlobals) = postSolution
		SolutionGuid = {0CBD831A-BFCE-4D3D-9F65-AF174FFB71A6}
	EndGlobalSection
EndGlobal
